
Microsoft Visual Studio Solution File, Format Version 12.00
# Visual Studio Version 17
VisualStudioVersion = 17.4.33213.308
MinimumVisualStudioVersion = 10.0.40219.1
Project("{9A19103F-16F7-4668-BE54-9A1E7A4F7556}") = "Lab03", "Lab02\Lab03.csproj", "{280146F3-29C6-4BAB-BAC6-E4B249C21F40}"
EndProject
Global
	GlobalSection(SolutionConfigurationPlatforms) = preSolution
		Debug|Any CPU = Debug|Any CPU
		Release|Any CPU = Release|Any CPU
	EndGlobalSection
	GlobalSection(ProjectConfigurationPlatforms) = postSolution
		{280146F3-29C6-4BAB-BAC6-E4B249C21F40}.Debug|Any CPU.ActiveCfg = Debug|Any CPU
		{280146F3-29C6-4BAB-BAC6-E4B249C21F40}.Debug|Any CPU.Build.0 = Debug|Any CPU
		{280146F3-29C6-4BAB-BAC6-E4B249C21F40}.Release|Any CPU.ActiveCfg = Release|Any CPU
		{280146F3-29C6-4BAB-BAC6-E4B249C21F40}.Release|Any CPU.Build.0 = Release|Any CPU
	EndGlobalSection
	GlobalSection(SolutionProperties) = preSolution
		HideSolutionNode = FALSE
	EndGlobalSection
	GlobalSection(ExtensibilityGlobals) = postSolution
		SolutionGuid = {6EDC6B01-DBB1-442D-8EB5-E6F784D61907}
	EndGlobalSection
EndGlobal
