
Microsoft Visual Studio Solution File, Format Version 12.00
# Visual Studio Version 17
VisualStudioVersion = 17.5.33414.496
MinimumVisualStudioVersion = 10.0.40219.1
Project("{9A19103F-16F7-4668-BE54-9A1E7A4F7556}") = "Lab04-05", "Lab04-05\Lab04-05.csproj", "{F6B3B41C-A82F-4AD5-900D-CA3A242EEEB6}"
EndProject
Project("{FAE04EC0-301F-11D3-BF4B-00C04F79EFBC}") = "WpfCustomControlLibrary1", "WpfCustomControlLibrary1\WpfCustomControlLibrary1.csproj", "{AA94C284-D5C6-44CA-B435-47297DBBB65E}"
EndProject
Global
	GlobalSection(SolutionConfigurationPlatforms) = preSolution
		Debug|Any CPU = Debug|Any CPU
		Release|Any CPU = Release|Any CPU
	EndGlobalSection
	GlobalSection(ProjectConfigurationPlatforms) = postSolution
		{F6B3B41C-A82F-4AD5-900D-CA3A242EEEB6}.Debug|Any CPU.ActiveCfg = Debug|Any CPU
		{F6B3B41C-A82F-4AD5-900D-CA3A242EEEB6}.Debug|Any CPU.Build.0 = Debug|Any CPU
		{F6B3B41C-A82F-4AD5-900D-CA3A242EEEB6}.Release|Any CPU.ActiveCfg = Release|Any CPU
		{F6B3B41C-A82F-4AD5-900D-CA3A242EEEB6}.Release|Any CPU.Build.0 = Release|Any CPU
		{AA94C284-D5C6-44CA-B435-47297DBBB65E}.Debug|Any CPU.ActiveCfg = Debug|Any CPU
		{AA94C284-D5C6-44CA-B435-47297DBBB65E}.Debug|Any CPU.Build.0 = Debug|Any CPU
		{AA94C284-D5C6-44CA-B435-47297DBBB65E}.Release|Any CPU.ActiveCfg = Release|Any CPU
		{AA94C284-D5C6-44CA-B435-47297DBBB65E}.Release|Any CPU.Build.0 = Release|Any CPU
	EndGlobalSection
	GlobalSection(SolutionProperties) = preSolution
		HideSolutionNode = FALSE
	EndGlobalSection
	GlobalSection(ExtensibilityGlobals) = postSolution
		SolutionGuid = {E15D780C-0378-4C60-B9CF-C6CE6806A08C}
	EndGlobalSection
EndGlobal
